# This file is generated by running "yarn install" inside your project.
# Manual changes might be lost - proceed with caution!

__metadata:
  version: 6
  cacheKey: 8

"@tsconfig/node14@npm:^1.0.0":
  version: 1.0.0
  resolution: "@tsconfig/node14@npm:1.0.0"
  checksum: a6e564b91e588bc05d37e2689e009ccd12743f6e1a2532ca7d20ca5e80b4d3b5b324b03e477497f2ebf2311901a369095a36c1c3cf744da7f35486923672c1f0
  languageName: node
  linkType: hard

"timezones-list@workspace:.":
  version: 0.0.0-use.local
  resolution: "timezones-list@workspace:."
  dependencies:
    "@tsconfig/node14": ^1.0.0
    typescript: ^4.2.4
  languageName: unknown
  linkType: soft

"typescript@npm:^4.2.4":
  version: 4.2.4
  resolution: "typescript@npm:4.2.4"
  bin:
    tsc: bin/tsc
    tsserver: bin/tsserver
  checksum: 89c397df192f239359ad798b96d8e8d552e12c0c189ac5676cec4c20c410d6eec636b8e59a88f2aef0a56d961a9678d99c400099be9b7cae2f7b062eb4b7b171
  languageName: node
  linkType: hard

"typescript@patch:typescript@^4.2.4#~builtin<compat/typescript>":
  version: 4.2.4
  resolution: "typescript@patch:typescript@npm%3A4.2.4#~builtin<compat/typescript>::version=4.2.4&hash=334f98"
  bin:
    tsc: bin/tsc
    tsserver: bin/tsserver
  checksum: eb86e0e8022e5297f7a7b871b6edfbf33b57049416ada8bf97c358760125c7c79f074fbebd1b8e8230f858ae05eb22ad0e805e8f6acd5eae1fa886681624c15e
  languageName: node
  linkType: hard
